
Microsoft Visual Studio Solution File, Format Version 12.00
# Visual Studio 2012
Project("{FAE04EC0-301F-11D3-BF4B-00C04F79EFBC}") = "MSTestResultViewer.Consol", "MSTestResultViewer.Consol\MSTestResultViewer.Consol.csproj", "{3C0D78D0-3D4B-4B18-85B1-54D86287D572}"
EndProject
Project("{54435603-DBB4-11D2-8724-00A0C9A8B90C}") = "MSTestResultViewerSetup", "MSTestResultViewerSetup\MSTestResultViewerSetup.vdproj", "{790A79F4-EBFA-4E5F-8FB0-4BB4840A623D}"
EndProject
Project("{FAE04EC0-301F-11D3-BF4B-00C04F79EFBC}") = "ReadResultXml", "ReadResultXml\ReadResultXml.csproj", "{B4890E89-87F6-45DB-9480-0BA13DE3FFF1}"
EndProject
Global
	GlobalSection(SolutionConfigurationPlatforms) = preSolution
		Debug|Any CPU = Debug|Any CPU
		Debug|Mixed Platforms = Debug|Mixed Platforms
		Debug|x86 = Debug|x86
		Release|Any CPU = Release|Any CPU
		Release|Mixed Platforms = Release|Mixed Platforms
		Release|x86 = Release|x86
	EndGlobalSection
	GlobalSection(ProjectConfigurationPlatforms) = postSolution
		{3C0D78D0-3D4B-4B18-85B1-54D86287D572}.Debug|Any CPU.ActiveCfg = Debug|x86
		{3C0D78D0-3D4B-4B18-85B1-54D86287D572}.Debug|Mixed Platforms.ActiveCfg = Debug|x86
		{3C0D78D0-3D4B-4B18-85B1-54D86287D572}.Debug|Mixed Platforms.Build.0 = Debug|x86
		{3C0D78D0-3D4B-4B18-85B1-54D86287D572}.Debug|x86.ActiveCfg = Debug|x86
		{3C0D78D0-3D4B-4B18-85B1-54D86287D572}.Debug|x86.Build.0 = Debug|x86
		{3C0D78D0-3D4B-4B18-85B1-54D86287D572}.Release|Any CPU.ActiveCfg = Release|x86
		{3C0D78D0-3D4B-4B18-85B1-54D86287D572}.Release|Mixed Platforms.ActiveCfg = Release|x86
		{3C0D78D0-3D4B-4B18-85B1-54D86287D572}.Release|Mixed Platforms.Build.0 = Release|x86
		{3C0D78D0-3D4B-4B18-85B1-54D86287D572}.Release|x86.ActiveCfg = Release|x86
		{3C0D78D0-3D4B-4B18-85B1-54D86287D572}.Release|x86.Build.0 = Release|x86
		{790A79F4-EBFA-4E5F-8FB0-4BB4840A623D}.Debug|Any CPU.ActiveCfg = Debug
		{790A79F4-EBFA-4E5F-8FB0-4BB4840A623D}.Debug|Mixed Platforms.ActiveCfg = Debug
		{790A79F4-EBFA-4E5F-8FB0-4BB4840A623D}.Debug|x86.ActiveCfg = Debug
		{790A79F4-EBFA-4E5F-8FB0-4BB4840A623D}.Release|Any CPU.ActiveCfg = Release
		{790A79F4-EBFA-4E5F-8FB0-4BB4840A623D}.Release|Mixed Platforms.ActiveCfg = Release
		{790A79F4-EBFA-4E5F-8FB0-4BB4840A623D}.Release|x86.ActiveCfg = Release
		{B4890E89-87F6-45DB-9480-0BA13DE3FFF1}.Debug|Any CPU.ActiveCfg = Debug|Any CPU
		{B4890E89-87F6-45DB-9480-0BA13DE3FFF1}.Debug|Any CPU.Build.0 = Debug|Any CPU
		{B4890E89-87F6-45DB-9480-0BA13DE3FFF1}.Debug|Mixed Platforms.ActiveCfg = Debug|Any CPU
		{B4890E89-87F6-45DB-9480-0BA13DE3FFF1}.Debug|Mixed Platforms.Build.0 = Debug|Any CPU
		{B4890E89-87F6-45DB-9480-0BA13DE3FFF1}.Debug|x86.ActiveCfg = Debug|Any CPU
		{B4890E89-87F6-45DB-9480-0BA13DE3FFF1}.Release|Any CPU.ActiveCfg = Release|Any CPU
		{B4890E89-87F6-45DB-9480-0BA13DE3FFF1}.Release|Any CPU.Build.0 = Release|Any CPU
		{B4890E89-87F6-45DB-9480-0BA13DE3FFF1}.Release|Mixed Platforms.ActiveCfg = Release|Any CPU
		{B4890E89-87F6-45DB-9480-0BA13DE3FFF1}.Release|Mixed Platforms.Build.0 = Release|Any CPU
		{B4890E89-87F6-45DB-9480-0BA13DE3FFF1}.Release|x86.ActiveCfg = Release|Any CPU
	EndGlobalSection
	GlobalSection(SolutionProperties) = preSolution
		HideSolutionNode = FALSE
	EndGlobalSection
EndGlobal
